
Microsoft Visual Studio Solution File, Format Version 12.00
# Visual Studio Version 17
VisualStudioVersion = 17.2.32519.379
MinimumVisualStudioVersion = 10.0.40219.1
Project("{9A19103F-16F7-4668-BE54-9A1E7A4F7556}") = "00. Demos", "00. Demos\00. Demos.csproj", "{5D9A8FBB-7498-41A6-948C-25DE92B20D2C}"
EndProject
Project("{FAE04EC0-301F-11D3-BF4B-00C04F79EFBC}") = "01. Sort Even Numbers", "01. Sort Even Numbers\01. Sort Even Numbers.csproj", "{AA1EEE3B-73D0-48E8-96E9-452F57EC3F07}"
EndProject
Project("{FAE04EC0-301F-11D3-BF4B-00C04F79EFBC}") = "02. Sum Numbers", "02. Sum Numbers\02. Sum Numbers.csproj", "{A5C96EB8-4F0B-4BC4-A96D-D40D54331ED2}"
EndProject
Project("{FAE04EC0-301F-11D3-BF4B-00C04F79EFBC}") = "03. Count Uppercase Words", "03. Count Uppercase Words\03. Count Uppercase Words.csproj", "{34D63DBF-A88F-4C2B-BF51-86D0A9C69C6F}"
EndProject
Global
	GlobalSection(SolutionConfigurationPlatforms) = preSolution
		Debug|Any CPU = Debug|Any CPU
		Release|Any CPU = Release|Any CPU
	EndGlobalSection
	GlobalSection(ProjectConfigurationPlatforms) = postSolution
		{5D9A8FBB-7498-41A6-948C-25DE92B20D2C}.Debug|Any CPU.ActiveCfg = Debug|Any CPU
		{5D9A8FBB-7498-41A6-948C-25DE92B20D2C}.Debug|Any CPU.Build.0 = Debug|Any CPU
		{5D9A8FBB-7498-41A6-948C-25DE92B20D2C}.Release|Any CPU.ActiveCfg = Release|Any CPU
		{5D9A8FBB-7498-41A6-948C-25DE92B20D2C}.Release|Any CPU.Build.0 = Release|Any CPU
		{AA1EEE3B-73D0-48E8-96E9-452F57EC3F07}.Debug|Any CPU.ActiveCfg = Debug|Any CPU
		{AA1EEE3B-73D0-48E8-96E9-452F57EC3F07}.Debug|Any CPU.Build.0 = Debug|Any CPU
		{AA1EEE3B-73D0-48E8-96E9-452F57EC3F07}.Release|Any CPU.ActiveCfg = Release|Any CPU
		{AA1EEE3B-73D0-48E8-96E9-452F57EC3F07}.Release|Any CPU.Build.0 = Release|Any CPU
		{A5C96EB8-4F0B-4BC4-A96D-D40D54331ED2}.Debug|Any CPU.ActiveCfg = Debug|Any CPU
		{A5C96EB8-4F0B-4BC4-A96D-D40D54331ED2}.Debug|Any CPU.Build.0 = Debug|Any CPU
		{A5C96EB8-4F0B-4BC4-A96D-D40D54331ED2}.Release|Any CPU.ActiveCfg = Release|Any CPU
		{A5C96EB8-4F0B-4BC4-A96D-D40D54331ED2}.Release|Any CPU.Build.0 = Release|Any CPU
		{34D63DBF-A88F-4C2B-BF51-86D0A9C69C6F}.Debug|Any CPU.ActiveCfg = Debug|Any CPU
		{34D63DBF-A88F-4C2B-BF51-86D0A9C69C6F}.Debug|Any CPU.Build.0 = Debug|Any CPU
		{34D63DBF-A88F-4C2B-BF51-86D0A9C69C6F}.Release|Any CPU.ActiveCfg = Release|Any CPU
		{34D63DBF-A88F-4C2B-BF51-86D0A9C69C6F}.Release|Any CPU.Build.0 = Release|Any CPU
	EndGlobalSection
	GlobalSection(SolutionProperties) = preSolution
		HideSolutionNode = FALSE
	EndGlobalSection
	GlobalSection(ExtensibilityGlobals) = postSolution
		SolutionGuid = {F00D364C-6EBE-4251-9FCB-D197BEFCD563}
	EndGlobalSection
EndGlobal
