
Microsoft Visual Studio Solution File, Format Version 12.00
# Visual Studio Version 17
VisualStudioVersion = 17.1.32414.318
MinimumVisualStudioVersion = 10.0.40219.1
Project("{9A19103F-16F7-4668-BE54-9A1E7A4F7556}") = "00.Demo", "00.Demo\00.Demo.csproj", "{9B3CBC96-8D98-499C-ACCD-FBEBB13C5308}"
EndProject
Project("{9A19103F-16F7-4668-BE54-9A1E7A4F7556}") = "01.Sum Matrix Elements", "01.Sum Matrix Elements\01.Sum Matrix Elements.csproj", "{6D89A975-13C2-477F-83A4-FB612C1B2DD5}"
EndProject
Project("{9A19103F-16F7-4668-BE54-9A1E7A4F7556}") = "02.Sum Matrix Columns", "02.Sum Matrix Columns\02.Sum Matrix Columns.csproj", "{11C033AA-7B75-48C0-8912-B7CF9E506AD5}"
EndProject
Project("{FAE04EC0-301F-11D3-BF4B-00C04F79EFBC}") = "03.Primary Diagonal", "03.Primary Diagonal\03.Primary Diagonal.csproj", "{3818A4FD-B95C-4244-BF6C-02674D19B32E}"
EndProject
Project("{FAE04EC0-301F-11D3-BF4B-00C04F79EFBC}") = "05.Square With Maximum Sum", "05.Square With Maximum Sum\05.Square With Maximum Sum.csproj", "{42A924F3-5EA3-4C01-957B-AD8A76B0F0D1}"
EndProject
Project("{FAE04EC0-301F-11D3-BF4B-00C04F79EFBC}") = "04.Symbol in Matrix", "04.Symbol in Matrix\04.Symbol in Matrix.csproj", "{04408F8B-1379-49B7-AA00-2B53548569EE}"
EndProject
Global
	GlobalSection(SolutionConfigurationPlatforms) = preSolution
		Debug|Any CPU = Debug|Any CPU
		Release|Any CPU = Release|Any CPU
	EndGlobalSection
	GlobalSection(ProjectConfigurationPlatforms) = postSolution
		{9B3CBC96-8D98-499C-ACCD-FBEBB13C5308}.Debug|Any CPU.ActiveCfg = Debug|Any CPU
		{9B3CBC96-8D98-499C-ACCD-FBEBB13C5308}.Debug|Any CPU.Build.0 = Debug|Any CPU
		{9B3CBC96-8D98-499C-ACCD-FBEBB13C5308}.Release|Any CPU.ActiveCfg = Release|Any CPU
		{9B3CBC96-8D98-499C-ACCD-FBEBB13C5308}.Release|Any CPU.Build.0 = Release|Any CPU
		{6D89A975-13C2-477F-83A4-FB612C1B2DD5}.Debug|Any CPU.ActiveCfg = Debug|Any CPU
		{6D89A975-13C2-477F-83A4-FB612C1B2DD5}.Debug|Any CPU.Build.0 = Debug|Any CPU
		{6D89A975-13C2-477F-83A4-FB612C1B2DD5}.Release|Any CPU.ActiveCfg = Release|Any CPU
		{6D89A975-13C2-477F-83A4-FB612C1B2DD5}.Release|Any CPU.Build.0 = Release|Any CPU
		{11C033AA-7B75-48C0-8912-B7CF9E506AD5}.Debug|Any CPU.ActiveCfg = Debug|Any CPU
		{11C033AA-7B75-48C0-8912-B7CF9E506AD5}.Debug|Any CPU.Build.0 = Debug|Any CPU
		{11C033AA-7B75-48C0-8912-B7CF9E506AD5}.Release|Any CPU.ActiveCfg = Release|Any CPU
		{11C033AA-7B75-48C0-8912-B7CF9E506AD5}.Release|Any CPU.Build.0 = Release|Any CPU
		{3818A4FD-B95C-4244-BF6C-02674D19B32E}.Debug|Any CPU.ActiveCfg = Debug|Any CPU
		{3818A4FD-B95C-4244-BF6C-02674D19B32E}.Debug|Any CPU.Build.0 = Debug|Any CPU
		{3818A4FD-B95C-4244-BF6C-02674D19B32E}.Release|Any CPU.ActiveCfg = Release|Any CPU
		{3818A4FD-B95C-4244-BF6C-02674D19B32E}.Release|Any CPU.Build.0 = Release|Any CPU
		{42A924F3-5EA3-4C01-957B-AD8A76B0F0D1}.Debug|Any CPU.ActiveCfg = Debug|Any CPU
		{42A924F3-5EA3-4C01-957B-AD8A76B0F0D1}.Debug|Any CPU.Build.0 = Debug|Any CPU
		{42A924F3-5EA3-4C01-957B-AD8A76B0F0D1}.Release|Any CPU.ActiveCfg = Release|Any CPU
		{42A924F3-5EA3-4C01-957B-AD8A76B0F0D1}.Release|Any CPU.Build.0 = Release|Any CPU
		{04408F8B-1379-49B7-AA00-2B53548569EE}.Debug|Any CPU.ActiveCfg = Debug|Any CPU
		{04408F8B-1379-49B7-AA00-2B53548569EE}.Debug|Any CPU.Build.0 = Debug|Any CPU
		{04408F8B-1379-49B7-AA00-2B53548569EE}.Release|Any CPU.ActiveCfg = Release|Any CPU
		{04408F8B-1379-49B7-AA00-2B53548569EE}.Release|Any CPU.Build.0 = Release|Any CPU
	EndGlobalSection
	GlobalSection(SolutionProperties) = preSolution
		HideSolutionNode = FALSE
	EndGlobalSection
	GlobalSection(ExtensibilityGlobals) = postSolution
		SolutionGuid = {9536BF1B-4272-4971-8B0B-066561DF121C}
	EndGlobalSection
EndGlobal
