
Microsoft Visual Studio Solution File, Format Version 12.00
# Visual Studio Version 17
VisualStudioVersion = 17.2.32519.379
MinimumVisualStudioVersion = 10.0.40219.1
Project("{FAE04EC0-301F-11D3-BF4B-00C04F79EFBC}") = "01. Tiles Master", "01. Tiles Master\01. Tiles Master.csproj", "{4CAB2898-BA3C-4152-ABD0-8DF82D7A4A3F}"
EndProject
Project("{FAE04EC0-301F-11D3-BF4B-00C04F79EFBC}") = "02. Wall Destroyer", "02. Wall Destroyer\02. Wall Destroyer.csproj", "{723DB512-B8B2-401F-ADA9-A8E6633D0041}"
EndProject
Project("{FAE04EC0-301F-11D3-BF4B-00C04F79EFBC}") = "03. Renovators", "03. Renovators\03. Renovators.csproj", "{A62AB46D-DC94-4BD4-AD48-71D6E0BE3EAC}"
EndProject
Global
	GlobalSection(SolutionConfigurationPlatforms) = preSolution
		Debug|Any CPU = Debug|Any CPU
		Release|Any CPU = Release|Any CPU
	EndGlobalSection
	GlobalSection(ProjectConfigurationPlatforms) = postSolution
		{4CAB2898-BA3C-4152-ABD0-8DF82D7A4A3F}.Debug|Any CPU.ActiveCfg = Debug|Any CPU
		{4CAB2898-BA3C-4152-ABD0-8DF82D7A4A3F}.Debug|Any CPU.Build.0 = Debug|Any CPU
		{4CAB2898-BA3C-4152-ABD0-8DF82D7A4A3F}.Release|Any CPU.ActiveCfg = Release|Any CPU
		{4CAB2898-BA3C-4152-ABD0-8DF82D7A4A3F}.Release|Any CPU.Build.0 = Release|Any CPU
		{723DB512-B8B2-401F-ADA9-A8E6633D0041}.Debug|Any CPU.ActiveCfg = Debug|Any CPU
		{723DB512-B8B2-401F-ADA9-A8E6633D0041}.Debug|Any CPU.Build.0 = Debug|Any CPU
		{723DB512-B8B2-401F-ADA9-A8E6633D0041}.Release|Any CPU.ActiveCfg = Release|Any CPU
		{723DB512-B8B2-401F-ADA9-A8E6633D0041}.Release|Any CPU.Build.0 = Release|Any CPU
		{A62AB46D-DC94-4BD4-AD48-71D6E0BE3EAC}.Debug|Any CPU.ActiveCfg = Debug|Any CPU
		{A62AB46D-DC94-4BD4-AD48-71D6E0BE3EAC}.Debug|Any CPU.Build.0 = Debug|Any CPU
		{A62AB46D-DC94-4BD4-AD48-71D6E0BE3EAC}.Release|Any CPU.ActiveCfg = Release|Any CPU
		{A62AB46D-DC94-4BD4-AD48-71D6E0BE3EAC}.Release|Any CPU.Build.0 = Release|Any CPU
	EndGlobalSection
	GlobalSection(SolutionProperties) = preSolution
		HideSolutionNode = FALSE
	EndGlobalSection
	GlobalSection(ExtensibilityGlobals) = postSolution
		SolutionGuid = {26DE1C70-D1FD-424B-9EB1-603BA5C92287}
	EndGlobalSection
EndGlobal
